
Microsoft Visual Studio Solution File, Format Version 12.00
# Visual Studio 15
VisualStudioVersion = 15.0.28010.2026
MinimumVisualStudioVersion = 10.0.40219.1
Project("{8BC9CEB8-8B4A-11D0-8D11-00A0C91BC942}") = "201709-2公共钥匙盒", "201709-2公共钥匙盒\201709-2公共钥匙盒.vcxproj", "{2B040505-7B9A-4C4D-90B1-F6237B6FBEF7}"
EndProject
Global
	GlobalSection(SolutionConfigurationPlatforms) = preSolution
		Debug|x64 = Debug|x64
		Debug|x86 = Debug|x86
		Release|x64 = Release|x64
		Release|x86 = Release|x86
	EndGlobalSection
	GlobalSection(ProjectConfigurationPlatforms) = postSolution
		{2B040505-7B9A-4C4D-90B1-F6237B6FBEF7}.Debug|x64.ActiveCfg = Debug|x64
		{2B040505-7B9A-4C4D-90B1-F6237B6FBEF7}.Debug|x64.Build.0 = Debug|x64
		{2B040505-7B9A-4C4D-90B1-F6237B6FBEF7}.Debug|x86.ActiveCfg = Debug|Win32
		{2B040505-7B9A-4C4D-90B1-F6237B6FBEF7}.Debug|x86.Build.0 = Debug|Win32
		{2B040505-7B9A-4C4D-90B1-F6237B6FBEF7}.Release|x64.ActiveCfg = Release|x64
		{2B040505-7B9A-4C4D-90B1-F6237B6FBEF7}.Release|x64.Build.0 = Release|x64
		{2B040505-7B9A-4C4D-90B1-F6237B6FBEF7}.Release|x86.ActiveCfg = Release|Win32
		{2B040505-7B9A-4C4D-90B1-F6237B6FBEF7}.Release|x86.Build.0 = Release|Win32
	EndGlobalSection
	GlobalSection(SolutionProperties) = preSolution
		HideSolutionNode = FALSE
	EndGlobalSection
	GlobalSection(ExtensibilityGlobals) = postSolution
		SolutionGuid = {9F9F6A93-AA72-442D-8580-A9E6590E1B71}
	EndGlobalSection
EndGlobal
